// !$*UTF8*$!
{
	archiveVersion = 1;
	classes = {
	};
	objectVersion = 77;
	objects = {

/* Begin PBXBuildFile section */
		02C7CBC702E97EE663CB13E5 /* MainScreenViewModel.swift in Sources */ = {isa = PBXBuildFile; fileRef = BC206A81AC0FCAFBCDCA1151 /* MainScreenViewModel.swift */; };
		0453CC41E7FD648F246CCA8A /* DependencyContainer.swift in Sources */ = {isa = PBXBuildFile; fileRef = 5A03377B417AA2E595FFCC78 /* DependencyContainer.swift */; };
		069165E17BFB4546D4A82822 /* PlayerIdentityService.swift in Sources */ = {isa = PBXBuildFile; fileRef = E4BD238D1AF2ED2F9697B82F /* PlayerIdentityService.swift */; };
		0E669B6F3448E76EA1F17F0B /* DependencyContainer.swift in Sources */ = {isa = PBXBuildFile; fileRef = 5A03377B417AA2E595FFCC78 /* DependencyContainer.swift */; };
		1CACA2B6719B6D747901D597 /* IdleScreenViewModel.swift in Sources */ = {isa = PBXBuildFile; fileRef = 70C3F3390923CEF9197CB3FD /* IdleScreenViewModel.swift */; };
		1E50998B0AB9A396DFC636E7 /* DiscoveryCoordinator.swift in Sources */ = {isa = PBXBuildFile; fileRef = 5C998BB0AF05C4766EB5CBD5 /* DiscoveryCoordinator.swift */; };
		1F07C72E5949449741FAC987 /* MainScreenViewModel.swift in Sources */ = {isa = PBXBuildFile; fileRef = BC206A81AC0FCAFBCDCA1151 /* MainScreenViewModel.swift */; };
		40F79FEB987350877F402EA0 /* WebSocketMessages.swift in Sources */ = {isa = PBXBuildFile; fileRef = C2C795D9B52F4964521E0602 /* WebSocketMessages.swift */; };
		4D827ACE157E3D38C66965F6 /* MDNSDiscoveryService.swift in Sources */ = {isa = PBXBuildFile; fileRef = 62AB5209C3B101D8AF84DBCA /* MDNSDiscoveryService.swift */; };
		62365D857C6DD85D3691C2BD /* WebSocketManager.swift in Sources */ = {isa = PBXBuildFile; fileRef = A203D19395FA0281A78147A4 /* WebSocketManager.swift */; };
		62E3976E40F86C432A6E5736 /* MainScreen.swift in Sources */ = {isa = PBXBuildFile; fileRef = B17824018EB4D12C02012E6A /* MainScreen.swift */; };
		66B599913A8D81291254049C /* PlayerAppState.swift in Sources */ = {isa = PBXBuildFile; fileRef = ADEBC4D208EE88E66495AFDC /* PlayerAppState.swift */; };
		6A4D0D61F0F8048DE411356D /* DiscoveredNode.swift in Sources */ = {isa = PBXBuildFile; fileRef = 8F9A180E62EBF8FB4F943E1F /* DiscoveredNode.swift */; };
		808481FEF0D45F1B6497DFF6 /* WebSocketManager.swift in Sources */ = {isa = PBXBuildFile; fileRef = A203D19395FA0281A78147A4 /* WebSocketManager.swift */; };
		886B1A60A1ADEA9A207E3024 /* PlayerAppState.swift in Sources */ = {isa = PBXBuildFile; fileRef = ADEBC4D208EE88E66495AFDC /* PlayerAppState.swift */; };
		9AEA06CBC4EBB265347AB167 /* IdleScreenViewModel.swift in Sources */ = {isa = PBXBuildFile; fileRef = 70C3F3390923CEF9197CB3FD /* IdleScreenViewModel.swift */; };
		A411931A004362B708F8B673 /* MDNSDiscoveryService.swift in Sources */ = {isa = PBXBuildFile; fileRef = 62AB5209C3B101D8AF84DBCA /* MDNSDiscoveryService.swift */; };
		ACB668D91A1195BA14045125 /* WebSocketPlayerSessionManager.swift in Sources */ = {isa = PBXBuildFile; fileRef = F9BE5E5FA35E4EDC7EB80484 /* WebSocketPlayerSessionManager.swift */; };
		ADE98DCBF496838E8E6C5E14 /* WebSocketDiscoveryManager.swift in Sources */ = {isa = PBXBuildFile; fileRef = 0F9A9C8999FE2A1FEE1C69EE /* WebSocketDiscoveryManager.swift */; };
		B4CE663C846AABE6D118963B /* DiscoveryCoordinator.swift in Sources */ = {isa = PBXBuildFile; fileRef = 5C998BB0AF05C4766EB5CBD5 /* DiscoveryCoordinator.swift */; };
		B57C3F7FF39B8EB8F37CE299 /* MainScreen.swift in Sources */ = {isa = PBXBuildFile; fileRef = B17824018EB4D12C02012E6A /* MainScreen.swift */; };
		BA2355732809B37AFA575291 /* SingalongPlayerApp.swift in Sources */ = {isa = PBXBuildFile; fileRef = 382E3B6C2B10E5E6F09E83CF /* SingalongPlayerApp.swift */; };
		BBF188DD938B0D1AA27FB869 /* WebSocketPlayerSessionManager.swift in Sources */ = {isa = PBXBuildFile; fileRef = F9BE5E5FA35E4EDC7EB80484 /* WebSocketPlayerSessionManager.swift */; };
		BEADC3D91D9FE827AB167382 /* SingalongPlayerApp.swift in Sources */ = {isa = PBXBuildFile; fileRef = 382E3B6C2B10E5E6F09E83CF /* SingalongPlayerApp.swift */; };
		C27A178B5495BE7437905580 /* IdleScreen.swift in Sources */ = {isa = PBXBuildFile; fileRef = 48E5AD2D80569C24F9DA1408 /* IdleScreen.swift */; };
		D6FBD89DB28DF5B30EE12ABD /* DiscoveredNode.swift in Sources */ = {isa = PBXBuildFile; fileRef = 8F9A180E62EBF8FB4F943E1F /* DiscoveredNode.swift */; };
		DA5D91CCCB05D8B977008C76 /* WebSocketDiscoveryManager.swift in Sources */ = {isa = PBXBuildFile; fileRef = 0F9A9C8999FE2A1FEE1C69EE /* WebSocketDiscoveryManager.swift */; };
		EFC72912942348F8169EEF82 /* IdleScreen.swift in Sources */ = {isa = PBXBuildFile; fileRef = 48E5AD2D80569C24F9DA1408 /* IdleScreen.swift */; };
		F8C0E81C187C689DE46455FC /* PlayerIdentityService.swift in Sources */ = {isa = PBXBuildFile; fileRef = E4BD238D1AF2ED2F9697B82F /* PlayerIdentityService.swift */; };
		FD180FB16DB710D6F98A8B00 /* WebSocketMessages.swift in Sources */ = {isa = PBXBuildFile; fileRef = C2C795D9B52F4964521E0602 /* WebSocketMessages.swift */; };
/* End PBXBuildFile section */

/* Begin PBXFileReference section */
		0F9A9C8999FE2A1FEE1C69EE /* WebSocketDiscoveryManager.swift */ = {isa = PBXFileReference; lastKnownFileType = sourcecode.swift; path = WebSocketDiscoveryManager.swift; sourceTree = "<group>"; };
		382E3B6C2B10E5E6F09E83CF /* SingalongPlayerApp.swift */ = {isa = PBXFileReference; lastKnownFileType = sourcecode.swift; path = SingalongPlayerApp.swift; sourceTree = "<group>"; };
		48E5AD2D80569C24F9DA1408 /* IdleScreen.swift */ = {isa = PBXFileReference; lastKnownFileType = sourcecode.swift; path = IdleScreen.swift; sourceTree = "<group>"; };
		53ECE693D58289F4510ADF56 /* SingalongPlayer.app */ = {isa = PBXFileReference; includeInIndex = 0; lastKnownFileType = wrapper.application; path = SingalongPlayer.app; sourceTree = BUILT_PRODUCTS_DIR; };
		5A03377B417AA2E595FFCC78 /* DependencyContainer.swift */ = {isa = PBXFileReference; lastKnownFileType = sourcecode.swift; path = DependencyContainer.swift; sourceTree = "<group>"; };
		5C998BB0AF05C4766EB5CBD5 /* DiscoveryCoordinator.swift */ = {isa = PBXFileReference; lastKnownFileType = sourcecode.swift; path = DiscoveryCoordinator.swift; sourceTree = "<group>"; };
		62AB5209C3B101D8AF84DBCA /* MDNSDiscoveryService.swift */ = {isa = PBXFileReference; lastKnownFileType = sourcecode.swift; path = MDNSDiscoveryService.swift; sourceTree = "<group>"; };
		70C3F3390923CEF9197CB3FD /* IdleScreenViewModel.swift */ = {isa = PBXFileReference; lastKnownFileType = sourcecode.swift; path = IdleScreenViewModel.swift; sourceTree = "<group>"; };
		8E5D96AC617ADA10DD62D3C0 /* SingalongPlayer.app */ = {isa = PBXFileReference; explicitFileType = wrapper.application; includeInIndex = 0; path = SingalongPlayer.app; sourceTree = BUILT_PRODUCTS_DIR; };
		8F9A180E62EBF8FB4F943E1F /* DiscoveredNode.swift */ = {isa = PBXFileReference; lastKnownFileType = sourcecode.swift; path = DiscoveredNode.swift; sourceTree = "<group>"; };
		A203D19395FA0281A78147A4 /* WebSocketManager.swift */ = {isa = PBXFileReference; lastKnownFileType = sourcecode.swift; path = WebSocketManager.swift; sourceTree = "<group>"; };
		ADEBC4D208EE88E66495AFDC /* PlayerAppState.swift */ = {isa = PBXFileReference; lastKnownFileType = sourcecode.swift; path = PlayerAppState.swift; sourceTree = "<group>"; };
		B17824018EB4D12C02012E6A /* MainScreen.swift */ = {isa = PBXFileReference; lastKnownFileType = sourcecode.swift; path = MainScreen.swift; sourceTree = "<group>"; };
		BC206A81AC0FCAFBCDCA1151 /* MainScreenViewModel.swift */ = {isa = PBXFileReference; lastKnownFileType = sourcecode.swift; path = MainScreenViewModel.swift; sourceTree = "<group>"; };
		C2C795D9B52F4964521E0602 /* WebSocketMessages.swift */ = {isa = PBXFileReference; lastKnownFileType = sourcecode.swift; path = WebSocketMessages.swift; sourceTree = "<group>"; };
		E4BD238D1AF2ED2F9697B82F /* PlayerIdentityService.swift */ = {isa = PBXFileReference; lastKnownFileType = sourcecode.swift; path = PlayerIdentityService.swift; sourceTree = "<group>"; };
		F9BE5E5FA35E4EDC7EB80484 /* WebSocketPlayerSessionManager.swift */ = {isa = PBXFileReference; lastKnownFileType = sourcecode.swift; path = WebSocketPlayerSessionManager.swift; sourceTree = "<group>"; };
/* End PBXFileReference section */

/* Begin PBXGroup section */
		13B6EDC5AE7AB4BBC78ED231 /* App */ = {
			isa = PBXGroup;
			children = (
				ADEBC4D208EE88E66495AFDC /* PlayerAppState.swift */,
				382E3B6C2B10E5E6F09E83CF /* SingalongPlayerApp.swift */,
			);
			path = App;
			sourceTree = "<group>";
		};
		13C6B0D4FBAA49A1FD9B9159 /* Products */ = {
			isa = PBXGroup;
			children = (
				53ECE693D58289F4510ADF56 /* SingalongPlayer.app */,
				8E5D96AC617ADA10DD62D3C0 /* SingalongPlayer.app */,
			);
			name = Products;
			sourceTree = "<group>";
		};
		2F47F7F9F7671F89E8A1B666 /* Views */ = {
			isa = PBXGroup;
			children = (
				48E5AD2D80569C24F9DA1408 /* IdleScreen.swift */,
				B17824018EB4D12C02012E6A /* MainScreen.swift */,
			);
			path = Views;
			sourceTree = "<group>";
		};
		3FBB8B6D54179E7D2403765A = {
			isa = PBXGroup;
			children = (
				8738BEEB9E445C8133BE3DF0 /* SingalongPlayer */,
				8CDBD9DFC2901A06E40AB64F /* Sources */,
				13C6B0D4FBAA49A1FD9B9159 /* Products */,
			);
			sourceTree = "<group>";
		};
		8738BEEB9E445C8133BE3DF0 /* SingalongPlayer */ = {
			isa = PBXGroup;
			children = (
			);
			path = SingalongPlayer;
			sourceTree = "<group>";
		};
		8CDBD9DFC2901A06E40AB64F /* Sources */ = {
			isa = PBXGroup;
			children = (
				13B6EDC5AE7AB4BBC78ED231 /* App */,
				92A3B16831178CE4B991BD0E /* Models */,
				9EA362333F38AE7B53F0F766 /* Services */,
				B5A6FE80314E43DA953422BF /* ViewModels */,
				2F47F7F9F7671F89E8A1B666 /* Views */,
			);
			path = Sources;
			sourceTree = "<group>";
		};
		92A3B16831178CE4B991BD0E /* Models */ = {
			isa = PBXGroup;
			children = (
				8F9A180E62EBF8FB4F943E1F /* DiscoveredNode.swift */,
				C2C795D9B52F4964521E0602 /* WebSocketMessages.swift */,
			);
			path = Models;
			sourceTree = "<group>";
		};
		9EA362333F38AE7B53F0F766 /* Services */ = {
			isa = PBXGroup;
			children = (
				5A03377B417AA2E595FFCC78 /* DependencyContainer.swift */,
				5C998BB0AF05C4766EB5CBD5 /* DiscoveryCoordinator.swift */,
				62AB5209C3B101D8AF84DBCA /* MDNSDiscoveryService.swift */,
				E4BD238D1AF2ED2F9697B82F /* PlayerIdentityService.swift */,
				0F9A9C8999FE2A1FEE1C69EE /* WebSocketDiscoveryManager.swift */,
				A203D19395FA0281A78147A4 /* WebSocketManager.swift */,
				F9BE5E5FA35E4EDC7EB80484 /* WebSocketPlayerSessionManager.swift */,
			);
			path = Services;
			sourceTree = "<group>";
		};
		B5A6FE80314E43DA953422BF /* ViewModels */ = {
			isa = PBXGroup;
			children = (
				70C3F3390923CEF9197CB3FD /* IdleScreenViewModel.swift */,
				BC206A81AC0FCAFBCDCA1151 /* MainScreenViewModel.swift */,
			);
			path = ViewModels;
			sourceTree = "<group>";
		};
/* End PBXGroup section */

/* Begin PBXNativeTarget section */
		7747C642D14EE229B52BF123 /* SingalongPlayer_macOS */ = {
			isa = PBXNativeTarget;
			buildConfigurationList = B407E329AA36692316E43FB7 /* Build configuration list for PBXNativeTarget "SingalongPlayer_macOS" */;
			buildPhases = (
				8C180FB02564879A8225566C /* Sources */,
			);
			buildRules = (
			);
			dependencies = (
			);
			name = SingalongPlayer_macOS;
			packageProductDependencies = (
			);
			productName = SingalongPlayer_macOS;
			productReference = 8E5D96AC617ADA10DD62D3C0 /* SingalongPlayer.app */;
			productType = "com.apple.product-type.application";
		};
		C283307138DD6F87B469AB7B /* SingalongPlayer_iOS */ = {
			isa = PBXNativeTarget;
			buildConfigurationList = B1B6DAAEDC2743FBAE32BFEE /* Build configuration list for PBXNativeTarget "SingalongPlayer_iOS" */;
			buildPhases = (
				6A60663BD5AA9E7E138BB002 /* Sources */,
			);
			buildRules = (
			);
			dependencies = (
			);
			name = SingalongPlayer_iOS;
			packageProductDependencies = (
			);
			productName = SingalongPlayer_iOS;
			productReference = 53ECE693D58289F4510ADF56 /* SingalongPlayer.app */;
			productType = "com.apple.product-type.application";
		};
/* End PBXNativeTarget section */

/* Begin PBXProject section */
		F8AF34DEE0F4F0FC09B2EB52 /* Project object */ = {
			isa = PBXProject;
			attributes = {
				BuildIndependentTargetsInParallel = YES;
				LastUpgradeCheck = 1430;
				TargetAttributes = {
					7747C642D14EE229B52BF123 = {
						DevelopmentTeam = "";
						ProvisioningStyle = Automatic;
					};
					C283307138DD6F87B469AB7B = {
						DevelopmentTeam = "";
						ProvisioningStyle = Automatic;
					};
				};
			};
			buildConfigurationList = 9FB3D5EF9D31DFEE82DCB621 /* Build configuration list for PBXProject "SingalongPlayer" */;
			developmentRegion = en;
			hasScannedForEncodings = 0;
			knownRegions = (
				Base,
				en,
			);
			mainGroup = 3FBB8B6D54179E7D2403765A;
			minimizedProjectReferenceProxies = 1;
			preferredProjectObjectVersion = 77;
			productRefGroup = 13C6B0D4FBAA49A1FD9B9159 /* Products */;
			projectDirPath = "";
			projectRoot = "";
			targets = (
				C283307138DD6F87B469AB7B /* SingalongPlayer_iOS */,
				7747C642D14EE229B52BF123 /* SingalongPlayer_macOS */,
			);
		};
/* End PBXProject section */

/* Begin PBXSourcesBuildPhase section */
		6A60663BD5AA9E7E138BB002 /* Sources */ = {
			isa = PBXSourcesBuildPhase;
			buildActionMask = 2147483647;
			files = (
				0453CC41E7FD648F246CCA8A /* DependencyContainer.swift in Sources */,
				6A4D0D61F0F8048DE411356D /* DiscoveredNode.swift in Sources */,
				1E50998B0AB9A396DFC636E7 /* DiscoveryCoordinator.swift in Sources */,
				C27A178B5495BE7437905580 /* IdleScreen.swift in Sources */,
				9AEA06CBC4EBB265347AB167 /* IdleScreenViewModel.swift in Sources */,
				4D827ACE157E3D38C66965F6 /* MDNSDiscoveryService.swift in Sources */,
				62E3976E40F86C432A6E5736 /* MainScreen.swift in Sources */,
				1F07C72E5949449741FAC987 /* MainScreenViewModel.swift in Sources */,
				66B599913A8D81291254049C /* PlayerAppState.swift in Sources */,
				F8C0E81C187C689DE46455FC /* PlayerIdentityService.swift in Sources */,
				BEADC3D91D9FE827AB167382 /* SingalongPlayerApp.swift in Sources */,
				ADE98DCBF496838E8E6C5E14 /* WebSocketDiscoveryManager.swift in Sources */,
				62365D857C6DD85D3691C2BD /* WebSocketManager.swift in Sources */,
				40F79FEB987350877F402EA0 /* WebSocketMessages.swift in Sources */,
				BBF188DD938B0D1AA27FB869 /* WebSocketPlayerSessionManager.swift in Sources */,
			);
			runOnlyForDeploymentPostprocessing = 0;
		};
		8C180FB02564879A8225566C /* Sources */ = {
			isa = PBXSourcesBuildPhase;
			buildActionMask = 2147483647;
			files = (
				0E669B6F3448E76EA1F17F0B /* DependencyContainer.swift in Sources */,
				D6FBD89DB28DF5B30EE12ABD /* DiscoveredNode.swift in Sources */,
				B4CE663C846AABE6D118963B /* DiscoveryCoordinator.swift in Sources */,
				EFC72912942348F8169EEF82 /* IdleScreen.swift in Sources */,
				1CACA2B6719B6D747901D597 /* IdleScreenViewModel.swift in Sources */,
				A411931A004362B708F8B673 /* MDNSDiscoveryService.swift in Sources */,
				B57C3F7FF39B8EB8F37CE299 /* MainScreen.swift in Sources */,
				02C7CBC702E97EE663CB13E5 /* MainScreenViewModel.swift in Sources */,
				886B1A60A1ADEA9A207E3024 /* PlayerAppState.swift in Sources */,
				069165E17BFB4546D4A82822 /* PlayerIdentityService.swift in Sources */,
				BA2355732809B37AFA575291 /* SingalongPlayerApp.swift in Sources */,
				DA5D91CCCB05D8B977008C76 /* WebSocketDiscoveryManager.swift in Sources */,
				808481FEF0D45F1B6497DFF6 /* WebSocketManager.swift in Sources */,
				FD180FB16DB710D6F98A8B00 /* WebSocketMessages.swift in Sources */,
				ACB668D91A1195BA14045125 /* WebSocketPlayerSessionManager.swift in Sources */,
			);
			runOnlyForDeploymentPostprocessing = 0;
		};
/* End PBXSourcesBuildPhase section */

/* Begin XCBuildConfiguration section */
		0BA84F9DD030F205C4EFFFEF /* Release */ = {
			isa = XCBuildConfiguration;
			buildSettings = {
				ASSETCATALOG_COMPILER_APPICON_NAME = AppIcon;
				CODE_SIGN_STYLE = Automatic;
				COMBINE_HIDPI_IMAGES = YES;
				DEVELOPMENT_TEAM = "";
				INFOPLIST_FILE = SingalongPlayer/Info.plist;
				LD_RUNPATH_SEARCH_PATHS = (
					"$(inherited)",
					"@executable_path/../Frameworks",
				);
				MACOSX_DEPLOYMENT_TARGET = 13.0;
				PRODUCT_BUNDLE_IDENTIFIER = dev.patteruel.singalong.player;
				PRODUCT_NAME = SingalongPlayer;
				SDKROOT = macosx;
				TARGETED_DEVICE_FAMILY = "1,2";
			};
			name = Release;
		};
		33B95A7FD7B5A2514428EF64 /* Debug */ = {
			isa = XCBuildConfiguration;
			buildSettings = {
				ALWAYS_SEARCH_USER_PATHS = NO;
				CLANG_ANALYZER_NONNULL = YES;
				CLANG_ANALYZER_NUMBER_OBJECT_CONVERSION = YES_AGGRESSIVE;
				CLANG_CXX_LANGUAGE_STANDARD = "gnu++14";
				CLANG_CXX_LIBRARY = "libc++";
				CLANG_ENABLE_MODULES = YES;
				CLANG_ENABLE_OBJC_ARC = YES;
				CLANG_ENABLE_OBJC_WEAK = YES;
				CLANG_WARN_BLOCK_CAPTURE_AUTORELEASING = YES;
				CLANG_WARN_BOOL_CONVERSION = YES;
				CLANG_WARN_COMMA = YES;
				CLANG_WARN_CONSTANT_CONVERSION = YES;
				CLANG_WARN_DEPRECATED_OBJC_IMPLEMENTATIONS = YES;
				CLANG_WARN_DIRECT_OBJC_ISA_USAGE = YES_ERROR;
				CLANG_WARN_DOCUMENTATION_COMMENTS = YES;
				CLANG_WARN_EMPTY_BODY = YES;
				CLANG_WARN_ENUM_CONVERSION = YES;
				CLANG_WARN_INFINITE_RECURSION = YES;
				CLANG_WARN_INT_CONVERSION = YES;
				CLANG_WARN_NON_LITERAL_NULL_CONVERSION = YES;
				CLANG_WARN_OBJC_IMPLICIT_RETAIN_SELF = YES;
				CLANG_WARN_OBJC_LITERAL_CONVERSION = YES;
				CLANG_WARN_OBJC_ROOT_CLASS = YES_ERROR;
				CLANG_WARN_QUOTED_INCLUDE_IN_FRAMEWORK_HEADER = YES;
				CLANG_WARN_RANGE_LOOP_ANALYSIS = YES;
				CLANG_WARN_STRICT_PROTOTYPES = YES;
				CLANG_WARN_SUSPICIOUS_MOVE = YES;
				CLANG_WARN_UNGUARDED_AVAILABILITY = YES_AGGRESSIVE;
				CLANG_WARN_UNREACHABLE_CODE = YES;
				CLANG_WARN__DUPLICATE_METHOD_MATCH = YES;
				COPY_PHASE_STRIP = NO;
				DEBUG_INFORMATION_FORMAT = dwarf;
				ENABLE_STRICT_OBJC_MSGSEND = YES;
				ENABLE_TESTABILITY = YES;
				GCC_C_LANGUAGE_STANDARD = gnu11;
				GCC_DYNAMIC_NO_PIC = NO;
				GCC_NO_COMMON_BLOCKS = YES;
				GCC_OPTIMIZATION_LEVEL = 0;
				GCC_PREPROCESSOR_DEFINITIONS = (
					"$(inherited)",
					"DEBUG=1",
				);
				GCC_WARN_64_TO_32_BIT_CONVERSION = YES;
				GCC_WARN_ABOUT_RETURN_TYPE = YES_ERROR;
				GCC_WARN_UNDECLARED_SELECTOR = YES;
				GCC_WARN_UNINITIALIZED_AUTOS = YES_AGGRESSIVE;
				GCC_WARN_UNUSED_FUNCTION = YES;
				GCC_WARN_UNUSED_VARIABLE = YES;
				MTL_ENABLE_DEBUG_INFO = INCLUDE_SOURCE;
				MTL_FAST_MATH = YES;
				ONLY_ACTIVE_ARCH = YES;
				PRODUCT_NAME = "$(TARGET_NAME)";
				SWIFT_ACTIVE_COMPILATION_CONDITIONS = DEBUG;
				SWIFT_OPTIMIZATION_LEVEL = "-Onone";
				SWIFT_VERSION = 5.9;
			};
			name = Debug;
		};
		44CF990FC490000FC986CF69 /* Debug */ = {
			isa = XCBuildConfiguration;
			buildSettings = {
				ASSETCATALOG_COMPILER_APPICON_NAME = AppIcon;
				CODE_SIGN_STYLE = Automatic;
				COMBINE_HIDPI_IMAGES = YES;
				DEVELOPMENT_TEAM = "";
				INFOPLIST_FILE = SingalongPlayer/Info.plist;
				LD_RUNPATH_SEARCH_PATHS = (
					"$(inherited)",
					"@executable_path/../Frameworks",
				);
				MACOSX_DEPLOYMENT_TARGET = 13.0;
				PRODUCT_BUNDLE_IDENTIFIER = dev.patteruel.singalong.player;
				PRODUCT_NAME = SingalongPlayer;
				SDKROOT = macosx;
				TARGETED_DEVICE_FAMILY = "1,2";
			};
			name = Debug;
		};
		CEE52D0AF351D8B639BBB585 /* Release */ = {
			isa = XCBuildConfiguration;
			buildSettings = {
				ASSETCATALOG_COMPILER_APPICON_NAME = AppIcon;
				CODE_SIGN_IDENTITY = "iPhone Developer";
				CODE_SIGN_STYLE = Automatic;
				DEVELOPMENT_TEAM = "";
				INFOPLIST_FILE = SingalongPlayer/Info.plist;
				IPHONEOS_DEPLOYMENT_TARGET = 16.0;
				LD_RUNPATH_SEARCH_PATHS = (
					"$(inherited)",
					"@executable_path/Frameworks",
				);
				PRODUCT_BUNDLE_IDENTIFIER = dev.patteruel.singalong.player;
				PRODUCT_NAME = SingalongPlayer;
				SDKROOT = iphoneos;
				TARGETED_DEVICE_FAMILY = "1,2";
			};
			name = Release;
		};
		DA779A8BDBDC263452527FEA /* Release */ = {
			isa = XCBuildConfiguration;
			buildSettings = {
				ALWAYS_SEARCH_USER_PATHS = NO;
				CLANG_ANALYZER_NONNULL = YES;
				CLANG_ANALYZER_NUMBER_OBJECT_CONVERSION = YES_AGGRESSIVE;
				CLANG_CXX_LANGUAGE_STANDARD = "gnu++14";
				CLANG_CXX_LIBRARY = "libc++";
				CLANG_ENABLE_MODULES = YES;
				CLANG_ENABLE_OBJC_ARC = YES;
				CLANG_ENABLE_OBJC_WEAK = YES;
				CLANG_WARN_BLOCK_CAPTURE_AUTORELEASING = YES;
				CLANG_WARN_BOOL_CONVERSION = YES;
				CLANG_WARN_COMMA = YES;
				CLANG_WARN_CONSTANT_CONVERSION = YES;
				CLANG_WARN_DEPRECATED_OBJC_IMPLEMENTATIONS = YES;
				CLANG_WARN_DIRECT_OBJC_ISA_USAGE = YES_ERROR;
				CLANG_WARN_DOCUMENTATION_COMMENTS = YES;
				CLANG_WARN_EMPTY_BODY = YES;
				CLANG_WARN_ENUM_CONVERSION = YES;
				CLANG_WARN_INFINITE_RECURSION = YES;
				CLANG_WARN_INT_CONVERSION = YES;
				CLANG_WARN_NON_LITERAL_NULL_CONVERSION = YES;
				CLANG_WARN_OBJC_IMPLICIT_RETAIN_SELF = YES;
				CLANG_WARN_OBJC_LITERAL_CONVERSION = YES;
				CLANG_WARN_OBJC_ROOT_CLASS = YES_ERROR;
				CLANG_WARN_QUOTED_INCLUDE_IN_FRAMEWORK_HEADER = YES;
				CLANG_WARN_RANGE_LOOP_ANALYSIS = YES;
				CLANG_WARN_STRICT_PROTOTYPES = YES;
				CLANG_WARN_SUSPICIOUS_MOVE = YES;
				CLANG_WARN_UNGUARDED_AVAILABILITY = YES_AGGRESSIVE;
				CLANG_WARN_UNREACHABLE_CODE = YES;
				CLANG_WARN__DUPLICATE_METHOD_MATCH = YES;
				COPY_PHASE_STRIP = NO;
				DEBUG_INFORMATION_FORMAT = "dwarf-with-dsym";
				ENABLE_NS_ASSERTIONS = NO;
				ENABLE_STRICT_OBJC_MSGSEND = YES;
				GCC_C_LANGUAGE_STANDARD = gnu11;
				GCC_NO_COMMON_BLOCKS = YES;
				GCC_WARN_64_TO_32_BIT_CONVERSION = YES;
				GCC_WARN_ABOUT_RETURN_TYPE = YES_ERROR;
				GCC_WARN_UNDECLARED_SELECTOR = YES;
				GCC_WARN_UNINITIALIZED_AUTOS = YES_AGGRESSIVE;
				GCC_WARN_UNUSED_FUNCTION = YES;
				GCC_WARN_UNUSED_VARIABLE = YES;
				MTL_ENABLE_DEBUG_INFO = NO;
				MTL_FAST_MATH = YES;
				PRODUCT_NAME = "$(TARGET_NAME)";
				SWIFT_COMPILATION_MODE = wholemodule;
				SWIFT_OPTIMIZATION_LEVEL = "-O";
				SWIFT_VERSION = 5.9;
			};
			name = Release;
		};
		EB08EDC07151F1CCD8C306A8 /* Debug */ = {
			isa = XCBuildConfiguration;
			buildSettings = {
				ASSETCATALOG_COMPILER_APPICON_NAME = AppIcon;
				CODE_SIGN_IDENTITY = "iPhone Developer";
				CODE_SIGN_STYLE = Automatic;
				DEVELOPMENT_TEAM = "";
				INFOPLIST_FILE = SingalongPlayer/Info.plist;
				IPHONEOS_DEPLOYMENT_TARGET = 16.0;
				LD_RUNPATH_SEARCH_PATHS = (
					"$(inherited)",
					"@executable_path/Frameworks",
				);
				PRODUCT_BUNDLE_IDENTIFIER = dev.patteruel.singalong.player;
				PRODUCT_NAME = SingalongPlayer;
				SDKROOT = iphoneos;
				TARGETED_DEVICE_FAMILY = "1,2";
			};
			name = Debug;
		};
/* End XCBuildConfiguration section */

/* Begin XCConfigurationList section */
		9FB3D5EF9D31DFEE82DCB621 /* Build configuration list for PBXProject "SingalongPlayer" */ = {
			isa = XCConfigurationList;
			buildConfigurations = (
				33B95A7FD7B5A2514428EF64 /* Debug */,
				DA779A8BDBDC263452527FEA /* Release */,
			);
			defaultConfigurationIsVisible = 0;
			defaultConfigurationName = Debug;
		};
		B1B6DAAEDC2743FBAE32BFEE /* Build configuration list for PBXNativeTarget "SingalongPlayer_iOS" */ = {
			isa = XCConfigurationList;
			buildConfigurations = (
				EB08EDC07151F1CCD8C306A8 /* Debug */,
				CEE52D0AF351D8B639BBB585 /* Release */,
			);
			defaultConfigurationIsVisible = 0;
			defaultConfigurationName = Debug;
		};
		B407E329AA36692316E43FB7 /* Build configuration list for PBXNativeTarget "SingalongPlayer_macOS" */ = {
			isa = XCConfigurationList;
			buildConfigurations = (
				44CF990FC490000FC986CF69 /* Debug */,
				0BA84F9DD030F205C4EFFFEF /* Release */,
			);
			defaultConfigurationIsVisible = 0;
			defaultConfigurationName = Debug;
		};
/* End XCConfigurationList section */
	};
	rootObject = F8AF34DEE0F4F0FC09B2EB52 /* Project object */;
}
